{
  "name": "tfjs-wechat-demo",
  "version": "1.0.0",
  "lockfileVersion": 1,
  "requires": true,
  "dependencies": {
    "@tensorflow-models/body-pix": {
      "version": "2.2.0",
      "resolved": "https://registry.npmjs.org/@tensorflow-models/body-pix/-/body-pix-2.2.0.tgz",
      "integrity": "sha512-e8PEf8xWlWhXJtGvlTQpdRyUuDXKAFJT/f8SWiBfvim5BAUyFp2dTeVV3gjDDp8MUEo7T3lofTZUexy/aG4YEA=="
    },
    "@tensorflow-models/coco-ssd": {
      "version": "2.2.2",
      "resolved": "https://registry.npmjs.org/@tensorflow-models/coco-ssd/-/coco-ssd-2.2.2.tgz",
      "integrity": "sha512-Jey2JscmKEValcFZH2ZLz14s8KPRmVtfJ0d0M3dPhvBp9dJiGNanVXr/pJAY5OS7emKj9uSciGhdkHWXY9Hovw=="
    },
    "@tensorflow-models/posenet": {
      "version": "2.2.2",
      "resolved": "https://registry.npmjs.org/@tensorflow-models/posenet/-/posenet-2.2.2.tgz",
      "integrity": "sha512-0SXIksRet/IdX7WVH+JSD6W3upkGHix1hwtd3xykIoIMGR7zQ4SC5+wZcNt9ofASyxNYQoI+tUULUo4LNw0c3w=="
    },
    "@tensorflow/tfjs-backend-cpu": {
      "version": "3.8.0",
      "resolved": "https://registry.npmjs.org/@tensorflow/tfjs-backend-cpu/-/tfjs-backend-cpu-3.8.0.tgz",
      "integrity": "sha512-iSwHrqX0Ixh1kelfmxIgChKft/KrcZk9EMHQcX+878XnX7mxB2HfWUqfiJVIcq+Fyr4I3oE4ncbbpmlKMxA85A==",
      "requires": {
        "@types/seedrandom": "2.4.27",
        "seedrandom": "2.4.3"
      }
    },
    "@tensorflow/tfjs-backend-webgl": {
      "version": "3.8.0",
      "resolved": "https://registry.npmjs.org/@tensorflow/tfjs-backend-webgl/-/tfjs-backend-webgl-3.8.0.tgz",
      "integrity": "sha512-Pjv+oWPf+7YS8kz/UFh2QBeD3F74R63AEU48a44LVh63YHXvdRg/M/Mvhjd55Oe0crDbBLej287SgVB8DHjUXg==",
      "requires": {
        "@tensorflow/tfjs-backend-cpu": "3.8.0",
        "@types/offscreencanvas": "~2019.3.0",
        "@types/seedrandom": "2.4.27",
        "@types/webgl-ext": "0.0.30",
        "@types/webgl2": "0.0.5",
        "seedrandom": "2.4.3"
      }
    },
    "@tensorflow/tfjs-converter": {
      "version": "3.8.0",
      "resolved": "https://registry.npmjs.org/@tensorflow/tfjs-converter/-/tfjs-converter-3.8.0.tgz",
      "integrity": "sha512-IWalZtKNfsSHt9He3Tvfje71gwMnFg5msQEiEnAtVnz1Zly0Yi0mycGLp5TPyqPhZCcJ+i9OhgkAlL4sbjP1hw=="
    },
    "@tensorflow/tfjs-core": {
      "version": "3.8.0",
      "resolved": "https://registry.npmjs.org/@tensorflow/tfjs-core/-/tfjs-core-3.8.0.tgz",
      "integrity": "sha512-0VKqNpnTiXIeOql3dnEyPOxKA9yDA366onv3sphm6k8KAzkr+is+GHOHzmo8mL7+AujiOb6o0J7BYhr7yvpNjA==",
      "requires": {
        "@types/long": "^4.0.1",
        "@types/offscreencanvas": "~2019.3.0",
        "@types/seedrandom": "2.4.27",
        "@types/webgl-ext": "0.0.30",
        "long": "4.0.0",
        "node-fetch": "~2.6.1",
        "seedrandom": "2.4.3"
      }
    },
    "@types/long": {
      "version": "4.0.1",
      "resolved": "https://registry.npmjs.org/@types/long/-/long-4.0.1.tgz",
      "integrity": "sha512-5tXH6Bx/kNGd3MgffdmP4dy2Z+G4eaXw0SE81Tq3BNadtnMR5/ySMzX4SLEzHJzSmPNn4HIdpQsBvXMUykr58w=="
    },
    "@types/offscreencanvas": {
      "version": "2019.3.0",
      "resolved": "https://registry.npmjs.org/@types/offscreencanvas/-/offscreencanvas-2019.3.0.tgz",
      "integrity": "sha512-esIJx9bQg+QYF0ra8GnvfianIY8qWB0GBx54PK5Eps6m+xTj86KLavHv6qDhzKcu5UUOgNfJ2pWaIIV7TRUd9Q=="
    },
    "@types/seedrandom": {
      "version": "2.4.27",
      "resolved": "https://registry.npmjs.org/@types/seedrandom/-/seedrandom-2.4.27.tgz",
      "integrity": "sha1-nbVjk33YaRX2kJK8QyWdL0hXjkE="
    },
    "@types/webgl-ext": {
      "version": "0.0.30",
      "resolved": "https://registry.npmjs.org/@types/webgl-ext/-/webgl-ext-0.0.30.tgz",
      "integrity": "sha512-LKVgNmBxN0BbljJrVUwkxwRYqzsAEPcZOe6S2T6ZaBDIrFp0qu4FNlpc5sM1tGbXUYFgdVQIoeLk1Y1UoblyEg=="
    },
    "@types/webgl2": {
      "version": "0.0.5",
      "resolved": "https://registry.npmjs.org/@types/webgl2/-/webgl2-0.0.5.tgz",
      "integrity": "sha512-oGaKsBbxQOY5+aJFV3KECDhGaXt+yZJt2y/OZsnQGLRkH6Fvr7rv4pCt3SRH1somIHfej/c4u7NSpCyd9x+1Ow=="
    },
    "fetch-wechat": {
      "version": "0.0.3",
      "resolved": "https://registry.npmjs.org/fetch-wechat/-/fetch-wechat-0.0.3.tgz",
      "integrity": "sha512-uEvCnHSaM53AjYmtiU8n7dB3RO4JX4RBxF3lXNf+cBHr5NRclmTAr5XiRtLL2lSdBcRwvLixhnjwCRJhyEKZgQ=="
    },
    "long": {
      "version": "4.0.0",
      "resolved": "https://registry.npmjs.org/long/-/long-4.0.0.tgz",
      "integrity": "sha512-XsP+KhQif4bjX1kbuSiySJFNAehNxgLb6hPRGJ9QsUr8ajHkuXGdrHmFUTUUXhDwVX2R5bY4JNZEwbUiMhV+MA=="
    },
    "node-fetch": {
      "version": "2.6.1",
      "resolved": "https://registry.npmjs.org/node-fetch/-/node-fetch-2.6.1.tgz",
      "integrity": "sha512-V4aYg89jEoVRxRb2fJdAg8FHvI7cEyYdVAh94HH0UIK8oJxUfkjlDQN9RbMx+bEjP7+ggMiFRprSti032Oipxw=="
    },
    "seedrandom": {
      "version": "2.4.3",
      "resolved": "https://registry.npmjs.org/seedrandom/-/seedrandom-2.4.3.tgz",
      "integrity": "sha1-JDhQTa0zkXMUv/GKxNeU8W1qrsw="
    }
  }
}
